
Microsoft Visual Studio Solution File, Format Version 12.00
# Visual Studio Version 16
VisualStudioVersion = 16.0.31829.152
MinimumVisualStudioVersion = 10.0.40219.1
Project("{FAE04EC0-301F-11D3-BF4B-00C04F79EFBC}") = "HelloWorld", "HelloWorld\HelloWorld.csproj", "{68CCA30B-0318-4823-8A33-77230570D109}"
EndProject
Global
	GlobalSection(SolutionConfigurationPlatforms) = preSolution
		Debug|Any CPU = Debug|Any CPU
		Release|Any CPU = Release|Any CPU
	EndGlobalSection
	GlobalSection(ProjectConfigurationPlatforms) = postSolution
		{68CCA30B-0318-4823-8A33-77230570D109}.Debug|Any CPU.ActiveCfg = Debug|Any CPU
		{68CCA30B-0318-4823-8A33-77230570D109}.Debug|Any CPU.Build.0 = Debug|Any CPU
		{68CCA30B-0318-4823-8A33-77230570D109}.Release|Any CPU.ActiveCfg = Release|Any CPU
		{68CCA30B-0318-4823-8A33-77230570D109}.Release|Any CPU.Build.0 = Release|Any CPU
	EndGlobalSection
	GlobalSection(SolutionProperties) = preSolution
		HideSolutionNode = FALSE
	EndGlobalSection
	GlobalSection(ExtensibilityGlobals) = postSolution
		SolutionGuid = {11C0E8B3-E256-498E-AD72-5D9C3477A240}
	EndGlobalSection
EndGlobal
