
Microsoft Visual Studio Solution File, Format Version 12.00
# Visual Studio Version 16
VisualStudioVersion = 16.0.31829.152
MinimumVisualStudioVersion = 10.0.40219.1
Project("{FAE04EC0-301F-11D3-BF4B-00C04F79EFBC}") = "CinemaDbTableWithSqlConnection", "CinemaDbTableWithSqlConnection\CinemaDbTableWithSqlConnection.csproj", "{D4E1FA86-8DBF-4256-890F-FDAAF69D94FD}"
EndProject
Global
	GlobalSection(SolutionConfigurationPlatforms) = preSolution
		Debug|Any CPU = Debug|Any CPU
		Release|Any CPU = Release|Any CPU
	EndGlobalSection
	GlobalSection(ProjectConfigurationPlatforms) = postSolution
		{D4E1FA86-8DBF-4256-890F-FDAAF69D94FD}.Debug|Any CPU.ActiveCfg = Debug|Any CPU
		{D4E1FA86-8DBF-4256-890F-FDAAF69D94FD}.Debug|Any CPU.Build.0 = Debug|Any CPU
		{D4E1FA86-8DBF-4256-890F-FDAAF69D94FD}.Release|Any CPU.ActiveCfg = Release|Any CPU
		{D4E1FA86-8DBF-4256-890F-FDAAF69D94FD}.Release|Any CPU.Build.0 = Release|Any CPU
	EndGlobalSection
	GlobalSection(SolutionProperties) = preSolution
		HideSolutionNode = FALSE
	EndGlobalSection
	GlobalSection(ExtensibilityGlobals) = postSolution
		SolutionGuid = {09A3E138-42FB-4D62-B224-EF9696419642}
	EndGlobalSection
EndGlobal
