
Microsoft Visual Studio Solution File, Format Version 12.00
# Visual Studio Version 16
VisualStudioVersion = 16.0.31829.152
MinimumVisualStudioVersion = 10.0.40219.1
Project("{FAE04EC0-301F-11D3-BF4B-00C04F79EFBC}") = "GettingData", "GettingData\GettingData.csproj", "{2B9FD58D-00BE-4592-AA35-A8E7E9625D87}"
EndProject
Global
	GlobalSection(SolutionConfigurationPlatforms) = preSolution
		Debug|Any CPU = Debug|Any CPU
		Release|Any CPU = Release|Any CPU
	EndGlobalSection
	GlobalSection(ProjectConfigurationPlatforms) = postSolution
		{2B9FD58D-00BE-4592-AA35-A8E7E9625D87}.Debug|Any CPU.ActiveCfg = Debug|Any CPU
		{2B9FD58D-00BE-4592-AA35-A8E7E9625D87}.Debug|Any CPU.Build.0 = Debug|Any CPU
		{2B9FD58D-00BE-4592-AA35-A8E7E9625D87}.Release|Any CPU.ActiveCfg = Release|Any CPU
		{2B9FD58D-00BE-4592-AA35-A8E7E9625D87}.Release|Any CPU.Build.0 = Release|Any CPU
	EndGlobalSection
	GlobalSection(SolutionProperties) = preSolution
		HideSolutionNode = FALSE
	EndGlobalSection
	GlobalSection(ExtensibilityGlobals) = postSolution
		SolutionGuid = {772BA9A7-FC68-40A8-90A6-FAF4C0D9235C}
	EndGlobalSection
EndGlobal
